{
  "nodes": {
    "flake-utils": {
      "locked": {
        "lastModified": 1659877975,
        "narHash": "sha256-zllb8aq3YO3h8B/U0/J1WBgAL8EX5yWf5pMj3G0NAmc=",
        "owner": "numtide",
        "repo": "flake-utils",
        "rev": "c0e246b9b83f637f4681389ecabcb2681b4f3af0",
        "type": "github"
      },
      "original": {
        "owner": "numtide",
        "repo": "flake-utils",
        "type": "github"
      }
    },
    "nixpkgs": {
      "locked": {
        "lastModified": 1661353478,
        "narHash": "sha256-lbbnpJeCsJHGagnWkydwTazxbEaCyNaIx6ew4OX7fyc=",
        "owner": "NixOS",
        "repo": "nixpkgs",
        "rev": "294ef54a1e8cdcdd298c79edbdb3713ceae46988",
        "type": "github"
      },
      "original": {
        "owner": "NixOS",
        "ref": "release-22.05",
        "repo": "nixpkgs",
        "type": "github"
      }
    },
    "nixpkgs-fork": {
      "locked": {
        "lastModified": 1664278489,
        "narHash": "sha256-U4D/2O6GF/fQ5vAzkD4oZz1K/A71mcrxSNIolxG4X9E=",
        "owner": "tricktron",
        "repo": "nixpkgs",
        "rev": "3b1476f1804bafb140665025bd64949479cad889",
        "type": "github"
      },
      "original": {
        "owner": "tricktron",
        "ref": "develop",
        "repo": "nixpkgs",
        "type": "github"
      }
    },
    "root": {
      "inputs": {
        "flake-utils": "flake-utils",
        "nixpkgs": "nixpkgs",
        "nixpkgs-fork": "nixpkgs-fork"
      }
    }
  },
  "root": "root",
  "version": 7
}
