{
  "nodes": {
    "nixpkgs": {
      "locked": {
        "lastModified": 1661353478,
        "narHash": "sha256-lbbnpJeCsJHGagnWkydwTazxbEaCyNaIx6ew4OX7fyc=",
        "owner": "NixOS",
        "repo": "nixpkgs",
        "rev": "294ef54a1e8cdcdd298c79edbdb3713ceae46988",
        "type": "github"
      },
      "original": {
        "owner": "NixOS",
        "ref": "release-22.05",
        "repo": "nixpkgs",
        "type": "github"
      }
    },
    "root": {
      "inputs": {
        "nixpkgs": "nixpkgs"
      }
    }
  },
  "root": "root",
  "version": 7
}
