{
  "nodes": {
    "darwin": {
      "inputs": {
        "nixpkgs": [
          "my-system",
          "darwin-stable"
        ]
      },
      "locked": {
        "lastModified": 1664210064,
        "narHash": "sha256-df6nKVZe/yAhmJ9csirTPahc0dldwm3HBhCVNA6qWr0=",
        "owner": "lnl7",
        "repo": "nix-darwin",
        "rev": "02d2551c927b7d65ded1b3c7cd13da5cc7ae3fcf",
        "type": "github"
      },
      "original": {
        "owner": "lnl7",
        "ref": "master",
        "repo": "nix-darwin",
        "type": "github"
      }
    },
    "darwin-stable": {
      "locked": {
        "lastModified": 1664158485,
        "narHash": "sha256-OJjPilaj2R0yAwjg4O96iJLWKoW2+TeLlDpk0yF73xE=",
        "owner": "nixos",
        "repo": "nixpkgs",
        "rev": "058d97782ed561787a6b2186854d29c94fd4fc0c",
        "type": "github"
      },
      "original": {
        "owner": "nixos",
        "ref": "nixpkgs-22.05-darwin",
        "repo": "nixpkgs",
        "type": "github"
      }
    },
    "flake-utils": {
      "locked": {
        "lastModified": 1667395993,
        "narHash": "sha256-nuEHfE/LcWyuSWnS8t12N1wc105Qtau+/OdUAjtQ0rA=",
        "owner": "numtide",
        "repo": "flake-utils",
        "rev": "5aed5285a952e0b949eb3ba02c12fa4fcfef535f",
        "type": "github"
      },
      "original": {
        "owner": "numtide",
        "repo": "flake-utils",
        "type": "github"
      }
    },
    "flake-utils_2": {
      "locked": {
        "lastModified": 1652776076,
        "narHash": "sha256-gzTw/v1vj4dOVbpBSJX4J0DwUR6LIyXo7/SuuTJp1kM=",
        "owner": "numtide",
        "repo": "flake-utils",
        "rev": "04c1b180862888302ddfb2e3ad9eaa63afc60cf8",
        "type": "github"
      },
      "original": {
        "owner": "numtide",
        "repo": "flake-utils",
        "type": "github"
      }
    },
    "flake-utils_3": {
      "locked": {
        "lastModified": 1649676176,
        "narHash": "sha256-OWKJratjt2RW151VUlJPRALb7OU2S5s+f0vLj4o1bHM=",
        "owner": "numtide",
        "repo": "flake-utils",
        "rev": "a4b154ebbdc88c8498a5c7b01589addc9e9cb678",
        "type": "github"
      },
      "original": {
        "owner": "numtide",
        "repo": "flake-utils",
        "type": "github"
      }
    },
    "home-manager": {
      "inputs": {
        "nixpkgs": [
          "my-system",
          "nixpkgs-stable"
        ]
      },
      "locked": {
        "lastModified": 1656169755,
        "narHash": "sha256-Nlnm4jeQWEGjYrE6hxi/7HYHjBSZ/E0RtjCYifnNsWk=",
        "owner": "nix-community",
        "repo": "home-manager",
        "rev": "4a3d01fb53f52ac83194081272795aa4612c2381",
        "type": "github"
      },
      "original": {
        "owner": "nix-community",
        "ref": "release-22.05",
        "repo": "home-manager",
        "type": "github"
      }
    },
    "my-system": {
      "inputs": {
        "darwin": "darwin",
        "darwin-stable": "darwin-stable",
        "home-manager": "home-manager",
        "nixpkgs": "nixpkgs",
        "nixpkgs-fork": "nixpkgs-fork",
        "nixpkgs-stable": "nixpkgs-stable",
        "nixt": "nixt",
        "private-flake": "private-flake"
      },
      "locked": {
        "lastModified": 1667156128,
        "narHash": "sha256-26qXlkcScqpynwG8wp9DuPq5Jer+B47onk1CwQUnosg=",
        "owner": "tricktron",
        "repo": "my-system-configs",
        "rev": "f5c292c981181d1b76c24329fb6df8aff86f0e0f",
        "type": "github"
      },
      "original": {
        "owner": "tricktron",
        "repo": "my-system-configs",
        "type": "github"
      }
    },
    "nixpkgs": {
      "locked": {
        "lastModified": 1664753041,
        "narHash": "sha256-0ogaD8PaGHluARFeupofvk1Nq9gpVeZdlFM0Kcwguys=",
        "owner": "NixOS",
        "repo": "nixpkgs",
        "rev": "a62844b302507c7531ad68a86cb7aa54704c9cb4",
        "type": "github"
      },
      "original": {
        "id": "nixpkgs",
        "type": "indirect"
      }
    },
    "nixpkgs-fork": {
      "locked": {
        "lastModified": 1664278489,
        "narHash": "sha256-U4D/2O6GF/fQ5vAzkD4oZz1K/A71mcrxSNIolxG4X9E=",
        "owner": "tricktron",
        "repo": "nixpkgs",
        "rev": "3b1476f1804bafb140665025bd64949479cad889",
        "type": "github"
      },
      "original": {
        "owner": "tricktron",
        "ref": "develop",
        "repo": "nixpkgs",
        "type": "github"
      }
    },
    "nixpkgs-stable": {
      "locked": {
        "lastModified": 1664790708,
        "narHash": "sha256-fzxmpOPjzOVIt9KeDN4EDPI13xJn+u0uMxheKCWken8=",
        "owner": "nixos",
        "repo": "nixpkgs",
        "rev": "81a3237b64e67b66901c735654017e75f0c50943",
        "type": "github"
      },
      "original": {
        "owner": "nixos",
        "ref": "release-22.05",
        "repo": "nixpkgs",
        "type": "github"
      }
    },
    "nixpkgs_2": {
      "locked": {
        "lastModified": 1653326962,
        "narHash": "sha256-W8feCYqKTsMre4nAEpv5Kx1PVFC+hao/LwqtB2Wci/8=",
        "owner": "NixOS",
        "repo": "nixpkgs",
        "rev": "41cc1d5d9584103be4108c1815c350e07c807036",
        "type": "github"
      },
      "original": {
        "owner": "NixOS",
        "ref": "nixpkgs-unstable",
        "repo": "nixpkgs",
        "type": "github"
      }
    },
    "nixpkgs_3": {
      "locked": {
        "lastModified": 1651743098,
        "narHash": "sha256-NuQNu6yHh54li0kZffM59FRC5bWCJusygL4Cy+3O0fY=",
        "owner": "nixos",
        "repo": "nixpkgs",
        "rev": "d4191fe35cbe52f755ef73009d4d37b9e002efa2",
        "type": "github"
      },
      "original": {
        "owner": "nixos",
        "ref": "release-21.11",
        "repo": "nixpkgs",
        "type": "github"
      }
    },
    "nixpkgs_4": {
      "locked": {
        "lastModified": 1667985798,
        "narHash": "sha256-DqZzTCCKOuoRxSDwD8qMGM4zD1/ZHxj/Wee0E9n7vHM=",
        "owner": "NixOS",
        "repo": "nixpkgs",
        "rev": "8284636de627764769a1944f7767effb24f3d3e2",
        "type": "github"
      },
      "original": {
        "owner": "NixOS",
        "repo": "nixpkgs",
        "type": "github"
      }
    },
    "nixt": {
      "inputs": {
        "flake-utils": "flake-utils_2",
        "nixpkgs": "nixpkgs_2"
      },
      "locked": {
        "lastModified": 1653426054,
        "narHash": "sha256-uJ2b2fROEo+H0llhl3R3u9m5SSus/vx1EKp7WWPbmis=",
        "owner": "tricktron",
        "repo": "nixt",
        "rev": "edbedd8dae97cb26238292652a44351d77da2bb5",
        "type": "github"
      },
      "original": {
        "owner": "tricktron",
        "ref": "my-master",
        "repo": "nixt",
        "type": "github"
      }
    },
    "private-flake": {
      "inputs": {
        "flake-utils": "flake-utils_3",
        "nixpkgs": "nixpkgs_3"
      },
      "locked": {
        "lastModified": 1651754534,
        "narHash": "sha256-FI3LJOgGl3Qin1tHObdnpA8z8zaxcP1Epch+xfRW4+w=",
        "ref": "main",
        "rev": "d271cbb0d30488756381bb5a941165862f43e2c7",
        "revCount": 2,
        "type": "git",
        "url": "ssh://git@github.com/tricktron/private-flake"
      },
      "original": {
        "ref": "main",
        "type": "git",
        "url": "ssh://git@github.com/tricktron/private-flake"
      }
    },
    "root": {
      "inputs": {
        "flake-utils": "flake-utils",
        "my-system": "my-system",
        "nixpkgs": "nixpkgs_4"
      }
    }
  },
  "root": "root",
  "version": 7
}
